
Microsoft Visual Studio Solution File, Format Version 12.00
# Visual Studio Version 16
VisualStudioVersion = 16.0.31624.102
MinimumVisualStudioVersion = 10.0.40219.1
Project("{FAE04EC0-301F-11D3-BF4B-00C04F79EFBC}") = "KindsParameters", "KindsParameters\KindsParameters.csproj", "{CCF4D781-CD00-4C9F-9D12-8BB86B4CC6F5}"
EndProject
Global
	GlobalSection(SolutionConfigurationPlatforms) = preSolution
		Debug|Any CPU = Debug|Any CPU
		Release|Any CPU = Release|Any CPU
	EndGlobalSection
	GlobalSection(ProjectConfigurationPlatforms) = postSolution
		{CCF4D781-CD00-4C9F-9D12-8BB86B4CC6F5}.Debug|Any CPU.ActiveCfg = Debug|Any CPU
		{CCF4D781-CD00-4C9F-9D12-8BB86B4CC6F5}.Debug|Any CPU.Build.0 = Debug|Any CPU
		{CCF4D781-CD00-4C9F-9D12-8BB86B4CC6F5}.Release|Any CPU.ActiveCfg = Release|Any CPU
		{CCF4D781-CD00-4C9F-9D12-8BB86B4CC6F5}.Release|Any CPU.Build.0 = Release|Any CPU
	EndGlobalSection
	GlobalSection(SolutionProperties) = preSolution
		HideSolutionNode = FALSE
	EndGlobalSection
	GlobalSection(ExtensibilityGlobals) = postSolution
		SolutionGuid = {D3F17915-4A1E-4B3F-A771-4B458376A187}
	EndGlobalSection
EndGlobal
